
Microsoft Visual Studio Solution File, Format Version 12.00
# Visual Studio 15
VisualStudioVersion = 15.0.28306.52
MinimumVisualStudioVersion = 10.0.40219.1
Project("{FAE04EC0-301F-11D3-BF4B-00C04F79EFBC}") = "projemm3", "projemm3\projemm3.csproj", "{09277545-2C85-4A57-9791-A8EFC0916619}"
EndProject
Project("{FAE04EC0-301F-11D3-BF4B-00C04F79EFBC}") = "projemm3.BusinessLayer", "projemm3.BusinessLayer\projemm3.BusinessLayer.csproj", "{4C29D363-1882-4404-A8A1-3DD764DFFAD8}"
EndProject
Project("{FAE04EC0-301F-11D3-BF4B-00C04F79EFBC}") = "projemm3.DataAccessLayer", "projemm3.DataAccessLayer\projemm3.DataAccessLayer.csproj", "{8A014FCA-1E73-46A3-8FC8-8CA15652EB8C}"
EndProject
Project("{FAE04EC0-301F-11D3-BF4B-00C04F79EFBC}") = "projemm3.Entities", "projemm3.Entities\projemm3.Entities.csproj", "{961E94ED-0DDA-4704-A599-D49F8014D7D0}"
EndProject
Project("{FAE04EC0-301F-11D3-BF4B-00C04F79EFBC}") = "projem.common", "projem.common\projem.common.csproj", "{529FED7E-FD79-4253-8F13-20C825B6C63A}"
EndProject
Project("{FAE04EC0-301F-11D3-BF4B-00C04F79EFBC}") = "projem3.core", "projem3.core\projem3.core.csproj", "{33D5039C-2FB7-41E1-A8BF-3C4D2EEA312E}"
EndProject
Global
	GlobalSection(SolutionConfigurationPlatforms) = preSolution
		Debug|Any CPU = Debug|Any CPU
		Debug|x86 = Debug|x86
		Release|Any CPU = Release|Any CPU
		Release|x86 = Release|x86
	EndGlobalSection
	GlobalSection(ProjectConfigurationPlatforms) = postSolution
		{09277545-2C85-4A57-9791-A8EFC0916619}.Debug|Any CPU.ActiveCfg = Debug|Any CPU
		{09277545-2C85-4A57-9791-A8EFC0916619}.Debug|Any CPU.Build.0 = Debug|Any CPU
		{09277545-2C85-4A57-9791-A8EFC0916619}.Debug|x86.ActiveCfg = Debug|x86
		{09277545-2C85-4A57-9791-A8EFC0916619}.Debug|x86.Build.0 = Debug|x86
		{09277545-2C85-4A57-9791-A8EFC0916619}.Release|Any CPU.ActiveCfg = Release|Any CPU
		{09277545-2C85-4A57-9791-A8EFC0916619}.Release|Any CPU.Build.0 = Release|Any CPU
		{09277545-2C85-4A57-9791-A8EFC0916619}.Release|x86.ActiveCfg = Release|x86
		{09277545-2C85-4A57-9791-A8EFC0916619}.Release|x86.Build.0 = Release|x86
		{4C29D363-1882-4404-A8A1-3DD764DFFAD8}.Debug|Any CPU.ActiveCfg = Debug|Any CPU
		{4C29D363-1882-4404-A8A1-3DD764DFFAD8}.Debug|Any CPU.Build.0 = Debug|Any CPU
		{4C29D363-1882-4404-A8A1-3DD764DFFAD8}.Debug|x86.ActiveCfg = Debug|Any CPU
		{4C29D363-1882-4404-A8A1-3DD764DFFAD8}.Debug|x86.Build.0 = Debug|Any CPU
		{4C29D363-1882-4404-A8A1-3DD764DFFAD8}.Release|Any CPU.ActiveCfg = Release|Any CPU
		{4C29D363-1882-4404-A8A1-3DD764DFFAD8}.Release|Any CPU.Build.0 = Release|Any CPU
		{4C29D363-1882-4404-A8A1-3DD764DFFAD8}.Release|x86.ActiveCfg = Release|Any CPU
		{4C29D363-1882-4404-A8A1-3DD764DFFAD8}.Release|x86.Build.0 = Release|Any CPU
		{8A014FCA-1E73-46A3-8FC8-8CA15652EB8C}.Debug|Any CPU.ActiveCfg = Debug|Any CPU
		{8A014FCA-1E73-46A3-8FC8-8CA15652EB8C}.Debug|Any CPU.Build.0 = Debug|Any CPU
		{8A014FCA-1E73-46A3-8FC8-8CA15652EB8C}.Debug|x86.ActiveCfg = Debug|Any CPU
		{8A014FCA-1E73-46A3-8FC8-8CA15652EB8C}.Debug|x86.Build.0 = Debug|Any CPU
		{8A014FCA-1E73-46A3-8FC8-8CA15652EB8C}.Release|Any CPU.ActiveCfg = Release|Any CPU
		{8A014FCA-1E73-46A3-8FC8-8CA15652EB8C}.Release|Any CPU.Build.0 = Release|Any CPU
		{8A014FCA-1E73-46A3-8FC8-8CA15652EB8C}.Release|x86.ActiveCfg = Release|Any CPU
		{8A014FCA-1E73-46A3-8FC8-8CA15652EB8C}.Release|x86.Build.0 = Release|Any CPU
		{961E94ED-0DDA-4704-A599-D49F8014D7D0}.Debug|Any CPU.ActiveCfg = Debug|Any CPU
		{961E94ED-0DDA-4704-A599-D49F8014D7D0}.Debug|Any CPU.Build.0 = Debug|Any CPU
		{961E94ED-0DDA-4704-A599-D49F8014D7D0}.Debug|x86.ActiveCfg = Debug|Any CPU
		{961E94ED-0DDA-4704-A599-D49F8014D7D0}.Debug|x86.Build.0 = Debug|Any CPU
		{961E94ED-0DDA-4704-A599-D49F8014D7D0}.Release|Any CPU.ActiveCfg = Release|Any CPU
		{961E94ED-0DDA-4704-A599-D49F8014D7D0}.Release|Any CPU.Build.0 = Release|Any CPU
		{961E94ED-0DDA-4704-A599-D49F8014D7D0}.Release|x86.ActiveCfg = Release|Any CPU
		{961E94ED-0DDA-4704-A599-D49F8014D7D0}.Release|x86.Build.0 = Release|Any CPU
		{529FED7E-FD79-4253-8F13-20C825B6C63A}.Debug|Any CPU.ActiveCfg = Debug|Any CPU
		{529FED7E-FD79-4253-8F13-20C825B6C63A}.Debug|Any CPU.Build.0 = Debug|Any CPU
		{529FED7E-FD79-4253-8F13-20C825B6C63A}.Debug|x86.ActiveCfg = Debug|Any CPU
		{529FED7E-FD79-4253-8F13-20C825B6C63A}.Debug|x86.Build.0 = Debug|Any CPU
		{529FED7E-FD79-4253-8F13-20C825B6C63A}.Release|Any CPU.ActiveCfg = Release|Any CPU
		{529FED7E-FD79-4253-8F13-20C825B6C63A}.Release|Any CPU.Build.0 = Release|Any CPU
		{529FED7E-FD79-4253-8F13-20C825B6C63A}.Release|x86.ActiveCfg = Release|Any CPU
		{529FED7E-FD79-4253-8F13-20C825B6C63A}.Release|x86.Build.0 = Release|Any CPU
		{33D5039C-2FB7-41E1-A8BF-3C4D2EEA312E}.Debug|Any CPU.ActiveCfg = Debug|Any CPU
		{33D5039C-2FB7-41E1-A8BF-3C4D2EEA312E}.Debug|Any CPU.Build.0 = Debug|Any CPU
		{33D5039C-2FB7-41E1-A8BF-3C4D2EEA312E}.Debug|x86.ActiveCfg = Debug|Any CPU
		{33D5039C-2FB7-41E1-A8BF-3C4D2EEA312E}.Debug|x86.Build.0 = Debug|Any CPU
		{33D5039C-2FB7-41E1-A8BF-3C4D2EEA312E}.Release|Any CPU.ActiveCfg = Release|Any CPU
		{33D5039C-2FB7-41E1-A8BF-3C4D2EEA312E}.Release|Any CPU.Build.0 = Release|Any CPU
		{33D5039C-2FB7-41E1-A8BF-3C4D2EEA312E}.Release|x86.ActiveCfg = Release|Any CPU
		{33D5039C-2FB7-41E1-A8BF-3C4D2EEA312E}.Release|x86.Build.0 = Release|Any CPU
	EndGlobalSection
	GlobalSection(SolutionProperties) = preSolution
		HideSolutionNode = FALSE
	EndGlobalSection
	GlobalSection(ExtensibilityGlobals) = postSolution
		SolutionGuid = {AEFE819C-9A4A-4149-B3FA-9DD2C990010C}
	EndGlobalSection
EndGlobal
